{
  "version": 4,
  "terraform_version": "1.9.7",
  "serial": 11,
  "lineage": "28d56024-783e-3a08-9670-798cad5c90a5",
  "outputs": {},
  "resources": [
    {
      "mode": "data",
      "type": "azurerm_resource_group",
      "name": "existingResourceGroup",
      "provider": "provider[\"registry.terraform.io/hashicorp/azurerm\"]",
      "instances": [
        {
          "schema_version": 0,
          "attributes": {
            "id": "/subscriptions/49110cbe-5958-40e4-85bb-bb51f8133c03/resourceGroups/my-resource-group",
            "location": "spaincentral",
            "managed_by": "",
            "name": "my-resource-group",
            "tags": {},
            "timeouts": null
          },
          "sensitive_attributes": []
        }
      ]
    },
    {
      "mode": "data",
      "type": "azurerm_service_plan",
      "name": "existingAppServicePlan",
      "provider": "provider[\"registry.terraform.io/hashicorp/azurerm\"]",
      "instances": [
        {
          "schema_version": 0,
          "attributes": {
            "app_service_environment_id": "",
            "id": "/subscriptions/49110cbe-5958-40e4-85bb-bb51f8133c03/resourceGroups/my-resource-group/providers/Microsoft.Web/serverFarms/my-app-service-plan",
            "kind": "app",
            "location": "canadacentral",
            "maximum_elastic_worker_count": 1,
            "name": "my-app-service-plan",
            "os_type": "Windows",
            "per_site_scaling_enabled": false,
            "reserved": false,
            "resource_group_name": "my-resource-group",
            "sku_name": "F1",
            "tags": {},
            "timeouts": null,
            "worker_count": 0,
            "zone_balancing_enabled": false
          },
          "sensitive_attributes": []
        }
      ]
    },
    {
      "mode": "data",
      "type": "azurerm_windows_web_app",
      "name": "existingAppService",
      "provider": "provider[\"registry.terraform.io/hashicorp/azurerm\"]",
      "instances": [
        {
          "schema_version": 0,
          "attributes": {
            "app_settings": {
              "APPLICATIONINSIGHTS_CONNECTION_STRING": "InstrumentationKey=9f52d8fb-c835-4038-a4db-21bb55a53f95;IngestionEndpoint=https://spaincentral-0.in.applicationinsights.azure.com/;LiveEndpoint=https://spaincentral.livediagnostics.monitor.azure.com/;ApplicationId=3e6ca7b7-8a64-41a5-b0ae-a5863c624af0",
              "ApplicationInsightsAgent_EXTENSION_VERSION": "~3",
              "XDT_MicrosoftApplicationInsights_Mode": "Recommended"
            },
            "auth_settings": [],
            "auth_settings_v2": [],
            "backup": [],
            "client_affinity_enabled": true,
            "client_certificate_enabled": false,
            "client_certificate_exclusion_paths": "",
            "client_certificate_mode": "Required",
            "connection_string": [],
            "custom_domain_verification_id": "669CCD111FCA50633EE60D5C883B5A491B872D123AED0ED9E2C934A80F9A009F",
            "default_hostname": "my-app-fzhwbjddgndgdfa5.spaincentral-01.azurewebsites.net",
            "enabled": true,
            "ftp_publish_basic_authentication_enabled": false,
            "hosting_environment_id": "",
            "https_only": true,
            "id": "/subscriptions/49110cbe-5958-40e4-85bb-bb51f8133c03/resourceGroups/my-resource-group/providers/Microsoft.Web/sites/my-app",
            "identity": [],
            "kind": "app",
            "location": "spaincentral",
            "logs": [],
            "name": "my-app",
            "outbound_ip_address_list": [
              "68.221.0.194",
              "68.221.0.197",
              "68.221.0.201",
              "68.221.0.231",
              "68.221.0.233",
              "68.221.0.192",
              "68.221.0.248",
              "68.221.0.249",
              "68.221.0.250",
              "68.221.0.251",
              "68.221.0.252",
              "68.221.0.253",
              "68.221.1.9",
              "68.221.1.10",
              "68.221.1.11",
              "68.221.1.12",
              "68.221.1.13",
              "68.221.1.14",
              "68.221.89.1"
            ],
            "outbound_ip_addresses": "68.221.0.194,68.221.0.197,68.221.0.201,68.221.0.231,68.221.0.233,68.221.0.192,68.221.0.248,68.221.0.249,68.221.0.250,68.221.0.251,68.221.0.252,68.221.0.253,68.221.1.9,68.221.1.10,68.221.1.11,68.221.1.12,68.221.1.13,68.221.1.14,68.221.89.1",
            "possible_outbound_ip_address_list": [
              "68.221.0.194",
              "68.221.0.197",
              "68.221.0.201",
              "68.221.0.231",
              "68.221.0.233",
              "68.221.0.192",
              "68.221.0.248",
              "68.221.0.249",
              "68.221.0.250",
              "68.221.0.251",
              "68.221.0.252",
              "68.221.0.253",
              "68.221.1.9",
              "68.221.1.10",
              "68.221.1.11",
              "68.221.1.12",
              "68.221.1.13",
              "68.221.1.14",
              "68.221.0.235",
              "68.221.0.236",
              "68.221.0.237",
              "68.221.0.238",
              "68.221.0.240",
              "68.221.0.241",
              "68.221.0.242",
              "68.221.0.243",
              "68.221.0.244",
              "68.221.0.245",
              "68.221.0.246",
              "68.221.0.247",
              "68.221.1.3",
              "68.221.1.4",
              "68.221.1.5",
              "68.221.1.6",
              "68.221.1.7",
              "68.221.1.8",
              "68.221.0.248",
              "68.221.0.249",
              "68.221.0.250",
              "68.221.0.251",
              "68.221.0.252",
              "68.221.0.253",
              "68.221.1.9",
              "68.221.1.10",
              "68.221.1.11",
              "68.221.1.12",
              "68.221.1.13",
              "68.221.1.14",
              "68.221.0.254",
              "68.221.0.255",
              "68.221.1.0",
              "68.221.0.143",
              "68.221.1.1",
              "68.221.1.2",
              "68.221.89.1"
            ],
            "possible_outbound_ip_addresses": "68.221.0.194,68.221.0.197,68.221.0.201,68.221.0.231,68.221.0.233,68.221.0.192,68.221.0.248,68.221.0.249,68.221.0.250,68.221.0.251,68.221.0.252,68.221.0.253,68.221.1.9,68.221.1.10,68.221.1.11,68.221.1.12,68.221.1.13,68.221.1.14,68.221.0.235,68.221.0.236,68.221.0.237,68.221.0.238,68.221.0.240,68.221.0.241,68.221.0.242,68.221.0.243,68.221.0.244,68.221.0.245,68.221.0.246,68.221.0.247,68.221.1.3,68.221.1.4,68.221.1.5,68.221.1.6,68.221.1.7,68.221.1.8,68.221.0.248,68.221.0.249,68.221.0.250,68.221.0.251,68.221.0.252,68.221.0.253,68.221.1.9,68.221.1.10,68.221.1.11,68.221.1.12,68.221.1.13,68.221.1.14,68.221.0.254,68.221.0.255,68.221.1.0,68.221.0.143,68.221.1.1,68.221.1.2,68.221.89.1",
            "public_network_access_enabled": true,
            "resource_group_name": "my-resource-group",
            "service_plan_id": "/subscriptions/49110cbe-5958-40e4-85bb-bb51f8133c03/resourceGroups/my-resource-group/providers/Microsoft.Web/serverFarms/ASP-myresourcegroup-a2f0",
            "site_config": [],
            "site_credential": [
              {
                "name": "REDACTED",
                "password": "REDACTED"
              }
            ],
            "sticky_settings": [],
            "storage_account": [],
            "tags": {},
            "timeouts": null,
            "virtual_network_subnet_id": "",
            "webdeploy_publish_basic_authentication_enabled": false
          },
          "sensitive_attributes": [
            [
              {
                "type": "get_attr",
                "value": "custom_domain_verification_id"
              }
            ],
            [
              {
                "type": "get_attr",
                "value": "site_credential"
              }
            ]
          ]
        }
      ]
    },
    {
      "mode": "managed",
      "type": "azurerm_service_plan",
      "name": "newAppServicePlan",
      "provider": "provider[\"registry.terraform.io/hashicorp/azurerm\"]",
      "instances": [
        {
          "schema_version": 1,
          "attributes": {
            "app_service_environment_id": "",
            "id": "/subscriptions/49110cbe-5958-40e4-85bb-bb51f8133c03/resourceGroups/my-resource-group/providers/Microsoft.Web/serverFarms/my-app-service-plan-plan",
            "kind": "app",
            "location": "spaincentral",
            "maximum_elastic_worker_count": 1,
            "name": "my-app-service-plan-plan",
            "os_type": "Windows",
            "per_site_scaling_enabled": false,
            "reserved": false,
            "resource_group_name": "my-resource-group",
            "sku_name": "S1",
            "tags": {},
            "timeouts": null,
            "worker_count": 1,
            "zone_balancing_enabled": false
          },
          "sensitive_attributes": [],
          "private": "eyJlMmJmYjczMC1lY2FhLTExZTYtOGY4OC0zNDM2M2JjN2M0YzAiOnsiY3JlYXRlIjozNjAwMDAwMDAwMDAwLCJkZWxldGUiOjM2MDAwMDAwMDAwMDAsInJlYWQiOjMwMDAwMDAwMDAwMCwidXBkYXRlIjozNjAwMDAwMDAwMDAwfSwic2NoZW1hX3ZlcnNpb24iOiIxIn0=",
          "dependencies": [
            "data.azurerm_resource_group.existingResourceGroup",
            "data.azurerm_service_plan.existingAppServicePlan"
          ]
        }
      ]
    },
    {
      "mode": "managed",
      "type": "azurerm_windows_web_app",
      "name": "newAppService",
      "provider": "provider[\"registry.terraform.io/hashicorp/azurerm\"]",
      "instances": [
        {
          "schema_version": 1,
          "attributes": {
            "app_settings": null,
            "auth_settings": [],
            "auth_settings_v2": [],
            "backup": [],
            "client_affinity_enabled": false,
            "client_certificate_enabled": false,
            "client_certificate_exclusion_paths": "",
            "client_certificate_mode": "Required",
            "connection_string": [],
            "custom_domain_verification_id": "669CCD111FCA50633EE60D5C883B5A491B872D123AED0ED9E2C934A80F9A009F",
            "default_hostname": "my-app-service-snake.azurewebsites.net",
            "enabled": true,
            "ftp_publish_basic_authentication_enabled": true,
            "hosting_environment_id": "",
            "https_only": false,
            "id": "/subscriptions/49110cbe-5958-40e4-85bb-bb51f8133c03/resourceGroups/my-resource-group/providers/Microsoft.Web/sites/my-app-service-snake",
            "identity": [],
            "key_vault_reference_identity_id": "SystemAssigned",
            "kind": "app",
            "location": "spaincentral",
            "logs": [],
            "name": "my-app-service-snake",
            "outbound_ip_address_list": [
              "68.221.0.194",
              "68.221.0.197",
              "68.221.0.201",
              "68.221.0.231",
              "68.221.0.233",
              "68.221.0.192",
              "68.221.0.248",
              "68.221.0.249",
              "68.221.0.250",
              "68.221.0.251",
              "68.221.0.252",
              "68.221.0.253",
              "68.221.1.9",
              "68.221.1.10",
              "68.221.1.11",
              "68.221.1.12",
              "68.221.1.13",
              "68.221.1.14",
              "68.221.89.1"
            ],
            "outbound_ip_addresses": "68.221.0.194,68.221.0.197,68.221.0.201,68.221.0.231,68.221.0.233,68.221.0.192,68.221.0.248,68.221.0.249,68.221.0.250,68.221.0.251,68.221.0.252,68.221.0.253,68.221.1.9,68.221.1.10,68.221.1.11,68.221.1.12,68.221.1.13,68.221.1.14,68.221.89.1",
            "possible_outbound_ip_address_list": [
              "68.221.0.194",
              "68.221.0.197",
              "68.221.0.201",
              "68.221.0.231",
              "68.221.0.233",
              "68.221.0.192",
              "68.221.0.248",
              "68.221.0.249",
              "68.221.0.250",
              "68.221.0.251",
              "68.221.0.252",
              "68.221.0.253",
              "68.221.1.9",
              "68.221.1.10",
              "68.221.1.11",
              "68.221.1.12",
              "68.221.1.13",
              "68.221.1.14",
              "68.221.0.235",
              "68.221.0.236",
              "68.221.0.237",
              "68.221.0.238",
              "68.221.0.240",
              "68.221.0.241",
              "68.221.0.242",
              "68.221.0.243",
              "68.221.0.244",
              "68.221.0.245",
              "68.221.0.246",
              "68.221.0.247",
              "68.221.1.3",
              "68.221.1.4",
              "68.221.1.5",
              "68.221.1.6",
              "68.221.1.7",
              "68.221.1.8",
              "68.221.0.248",
              "68.221.0.249",
              "68.221.0.250",
              "68.221.0.251",
              "68.221.0.252",
              "68.221.0.253",
              "68.221.1.9",
              "68.221.1.10",
              "68.221.1.11",
              "68.221.1.12",
              "68.221.1.13",
              "68.221.1.14",
              "68.221.0.254",
              "68.221.0.255",
              "68.221.1.0",
              "68.221.0.143",
              "68.221.1.1",
              "68.221.1.2",
              "68.221.89.1"
            ],
            "possible_outbound_ip_addresses": "68.221.0.194,68.221.0.197,68.221.0.201,68.221.0.231,68.221.0.233,68.221.0.192,68.221.0.248,68.221.0.249,68.221.0.250,68.221.0.251,68.221.0.252,68.221.0.253,68.221.1.9,68.221.1.10,68.221.1.11,68.221.1.12,68.221.1.13,68.221.1.14,68.221.0.235,68.221.0.236,68.221.0.237,68.221.0.238,68.221.0.240,68.221.0.241,68.221.0.242,68.221.0.243,68.221.0.244,68.221.0.245,68.221.0.246,68.221.0.247,68.221.1.3,68.221.1.4,68.221.1.5,68.221.1.6,68.221.1.7,68.221.1.8,68.221.0.248,68.221.0.249,68.221.0.250,68.221.0.251,68.221.0.252,68.221.0.253,68.221.1.9,68.221.1.10,68.221.1.11,68.221.1.12,68.221.1.13,68.221.1.14,68.221.0.254,68.221.0.255,68.221.1.0,68.221.0.143,68.221.1.1,68.221.1.2,68.221.89.1",
            "public_network_access_enabled": true,
            "resource_group_name": "my-resource-group",
            "service_plan_id": "/subscriptions/49110cbe-5958-40e4-85bb-bb51f8133c03/resourceGroups/my-resource-group/providers/Microsoft.Web/serverFarms/my-app-service-plan-plan",
            "site_config": [
              {
                "always_on": true,
                "api_definition_url": "",
                "api_management_api_id": "",
                "app_command_line": "",
                "application_stack": [
                  {
                    "current_stack": "",
                    "docker_image_name": "",
                    "docker_registry_password": "",
                    "docker_registry_url": "",
                    "docker_registry_username": "",
                    "dotnet_core_version": "",
                    "dotnet_version": "v4.0",
                    "java_container": "",
                    "java_container_version": "",
                    "java_embedded_server_enabled": false,
                    "java_version": "",
                    "node_version": "",
                    "php_version": "5.6",
                    "python": false,
                    "tomcat_version": ""
                  }
                ],
                "auto_heal_setting": [],
                "container_registry_managed_identity_client_id": "",
                "container_registry_use_managed_identity": false,
                "cors": [],
                "default_documents": [
                  "Default.htm",
                  "Default.html",
                  "Default.asp",
                  "index.htm",
                  "index.html",
                  "iisstart.htm",
                  "default.aspx",
                  "index.php",
                  "hostingstart.html"
                ],
                "detailed_error_logging_enabled": false,
                "ftps_state": "Disabled",
                "handler_mapping": [],
                "health_check_eviction_time_in_min": 0,
                "health_check_path": "",
                "http2_enabled": false,
                "ip_restriction": [],
                "ip_restriction_default_action": "Allow",
                "linux_fx_version": "",
                "load_balancing_mode": "LeastRequests",
                "local_mysql_enabled": false,
                "managed_pipeline_mode": "Integrated",
                "minimum_tls_version": "1.2",
                "remote_debugging_enabled": false,
                "remote_debugging_version": "VS2022",
                "scm_ip_restriction": [],
                "scm_ip_restriction_default_action": "Allow",
                "scm_minimum_tls_version": "1.2",
                "scm_type": "None",
                "scm_use_main_ip_restriction": false,
                "use_32_bit_worker": true,
                "virtual_application": [],
                "vnet_route_all_enabled": false,
                "websockets_enabled": false,
                "windows_fx_version": "",
                "worker_count": 1
              }
            ],
            "site_credential": [
              {
                "name": "$my-app-service-snake",
                "password": "2vyRd0fhxhKXNcRmAjhWZbCnrtpEMX6qdHbfXRLudxG1rqLQtB6JX2JelBiL"
              }
            ],
            "sticky_settings": [],
            "storage_account": [],
            "tags": null,
            "timeouts": null,
            "virtual_network_subnet_id": "",
            "webdeploy_publish_basic_authentication_enabled": true,
            "zip_deploy_file": ""
          },
          "sensitive_attributes": [
            [
              {
                "type": "get_attr",
                "value": "custom_domain_verification_id"
              }
            ],
            [
              {
                "type": "get_attr",
                "value": "site_credential"
              }
            ],
            [
              {
                "type": "get_attr",
                "value": "site_config"
              },
              {
                "type": "index",
                "value": {
                  "value": 0,
                  "type": "number"
                }
              },
              {
                "type": "get_attr",
                "value": "application_stack"
              },
              {
                "type": "index",
                "value": {
                  "value": 0,
                  "type": "number"
                }
              },
              {
                "type": "get_attr",
                "value": "docker_registry_password"
              }
            ]
          ],
          "private": "eyJlMmJmYjczMC1lY2FhLTExZTYtOGY4OC0zNDM2M2JjN2M0YzAiOnsiY3JlYXRlIjoxODAwMDAwMDAwMDAwLCJkZWxldGUiOjE4MDAwMDAwMDAwMDAsInJlYWQiOjMwMDAwMDAwMDAwMCwidXBkYXRlIjoxODAwMDAwMDAwMDAwfSwic2NoZW1hX3ZlcnNpb24iOiIxIn0=",
          "dependencies": [
            "azurerm_service_plan.newAppServicePlan",
            "data.azurerm_resource_group.existingResourceGroup",
            "data.azurerm_service_plan.existingAppServicePlan",
            "data.azurerm_windows_web_app.existingAppService"
          ]
        }
      ]
    }
  ],
  "check_results": null
}
